// !$*UTF8*$!
{
	archiveVersion = 1;
	classes = {
	};
	objectVersion = 48;
	objects = {

/* Begin PBXBuildFile section */
		195885D12018B3D800867D74 /* CameraController.swift in Sources */ = {isa = PBXBuildFile; fileRef = 195885D02018B3D800867D74 /* CameraController.swift */; };
		195885D32018D1FF00867D74 /* PreviewPhotoContainerView.swift in Sources */ = {isa = PBXBuildFile; fileRef = 195885D22018D1FF00867D74 /* PreviewPhotoContainerView.swift */; };
		197397132013515B00EB9811 /* SharePhotoController.swift in Sources */ = {isa = PBXBuildFile; fileRef = 197397122013515B00EB9811 /* SharePhotoController.swift */; };
		19739716201388F800EB9811 /* Post.swift in Sources */ = {isa = PBXBuildFile; fileRef = 19739715201388F800EB9811 /* Post.swift */; };
		1973971820138A7B00EB9811 /* UserProfilePhotoCell.swift in Sources */ = {isa = PBXBuildFile; fileRef = 1973971720138A7B00EB9811 /* UserProfilePhotoCell.swift */; };
		1973971A20139D1D00EB9811 /* CustomImageView.swift in Sources */ = {isa = PBXBuildFile; fileRef = 1973971920139D1D00EB9811 /* CustomImageView.swift */; };
		1973971C2013A3A300EB9811 /* User.swift in Sources */ = {isa = PBXBuildFile; fileRef = 1973971B2013A3A300EB9811 /* User.swift */; };
		1973971F201473A300EB9811 /* HomeController.swift in Sources */ = {isa = PBXBuildFile; fileRef = 1973971E201473A300EB9811 /* HomeController.swift */; };
		197397212014756400EB9811 /* HomePostCell.swift in Sources */ = {isa = PBXBuildFile; fileRef = 197397202014756400EB9811 /* HomePostCell.swift */; };
		1973972320149D5000EB9811 /* FirebaseUtils.swift in Sources */ = {isa = PBXBuildFile; fileRef = 1973972220149D5000EB9811 /* FirebaseUtils.swift */; };
		197397272014EB3A00EB9811 /* UserSearchController.swift in Sources */ = {isa = PBXBuildFile; fileRef = 197397262014EB3A00EB9811 /* UserSearchController.swift */; };
		197397292014EF0900EB9811 /* UserSearchCell.swift in Sources */ = {isa = PBXBuildFile; fileRef = 197397282014EF0900EB9811 /* UserSearchCell.swift */; };
		197C26CE2012519C00AA0409 /* PhotoSelectorController.swift in Sources */ = {isa = PBXBuildFile; fileRef = 197C26CD2012519C00AA0409 /* PhotoSelectorController.swift */; };
		197C26D020131F5900AA0409 /* PhotoSelectorCell.swift in Sources */ = {isa = PBXBuildFile; fileRef = 197C26CF20131F5900AA0409 /* PhotoSelectorCell.swift */; };
		197C26D220132E4E00AA0409 /* PhotoSelectorHeader.swift in Sources */ = {isa = PBXBuildFile; fileRef = 197C26D120132E4E00AA0409 /* PhotoSelectorHeader.swift */; };
		19C5379C2010FF9F006B74C2 /* MainTabBarController.swift in Sources */ = {isa = PBXBuildFile; fileRef = 19C5379B2010FF9F006B74C2 /* MainTabBarController.swift */; };
		19C5379E20110074006B74C2 /* UserProfileController.swift in Sources */ = {isa = PBXBuildFile; fileRef = 19C5379D20110074006B74C2 /* UserProfileController.swift */; };
		19C537A12011B908006B74C2 /* UserProfileHeader.swift in Sources */ = {isa = PBXBuildFile; fileRef = 19C537A02011B908006B74C2 /* UserProfileHeader.swift */; };
		19E200332011F7EE00FCF392 /* LoginController.swift in Sources */ = {isa = PBXBuildFile; fileRef = 19E200322011F7EE00FCF392 /* LoginController.swift */; };
		19EC592920107AD30002E4F2 /* AppDelegate.swift in Sources */ = {isa = PBXBuildFile; fileRef = 19EC592820107AD30002E4F2 /* AppDelegate.swift */; };
		19EC592B20107AD30002E4F2 /* SignUpController.swift in Sources */ = {isa = PBXBuildFile; fileRef = 19EC592A20107AD30002E4F2 /* SignUpController.swift */; };
		19EC592E20107AD30002E4F2 /* Main.storyboard in Resources */ = {isa = PBXBuildFile; fileRef = 19EC592C20107AD30002E4F2 /* Main.storyboard */; };
		19EC593020107AD30002E4F2 /* Assets.xcassets in Resources */ = {isa = PBXBuildFile; fileRef = 19EC592F20107AD30002E4F2 /* Assets.xcassets */; };
		19EC593320107AD30002E4F2 /* LaunchScreen.storyboard in Resources */ = {isa = PBXBuildFile; fileRef = 19EC593120107AD30002E4F2 /* LaunchScreen.storyboard */; };
		19EC593C20108F040002E4F2 /* Extensions.swift in Sources */ = {isa = PBXBuildFile; fileRef = 19EC593B20108F040002E4F2 /* Extensions.swift */; };
		19EC593E2010CA420002E4F2 /* GoogleService-Info.plist in Resources */ = {isa = PBXBuildFile; fileRef = 19EC593D2010CA420002E4F2 /* GoogleService-Info.plist */; };
		935A0B2F3F8CAC8223F4CE8D /* Pods_Instagram_Firebase.framework in Frameworks */ = {isa = PBXBuildFile; fileRef = 994478659A098CFD81895313 /* Pods_Instagram_Firebase.framework */; };
/* End PBXBuildFile section */

/* Begin PBXFileReference section */
		12A20E10ABC57AA60D058004 /* Pods-Instagram Firebase.release.xcconfig */ = {isa = PBXFileReference; includeInIndex = 1; lastKnownFileType = text.xcconfig; name = "Pods-Instagram Firebase.release.xcconfig"; path = "Pods/Target Support Files/Pods-Instagram Firebase/Pods-Instagram Firebase.release.xcconfig"; sourceTree = "<group>"; };
		195885D02018B3D800867D74 /* CameraController.swift */ = {isa = PBXFileReference; lastKnownFileType = sourcecode.swift; path = CameraController.swift; sourceTree = "<group>"; };
		195885D22018D1FF00867D74 /* PreviewPhotoContainerView.swift */ = {isa = PBXFileReference; lastKnownFileType = sourcecode.swift; path = PreviewPhotoContainerView.swift; sourceTree = "<group>"; };
		197397122013515B00EB9811 /* SharePhotoController.swift */ = {isa = PBXFileReference; lastKnownFileType = sourcecode.swift; path = SharePhotoController.swift; sourceTree = "<group>"; };
		19739715201388F800EB9811 /* Post.swift */ = {isa = PBXFileReference; lastKnownFileType = sourcecode.swift; path = Post.swift; sourceTree = "<group>"; };
		1973971720138A7B00EB9811 /* UserProfilePhotoCell.swift */ = {isa = PBXFileReference; lastKnownFileType = sourcecode.swift; path = UserProfilePhotoCell.swift; sourceTree = "<group>"; };
		1973971920139D1D00EB9811 /* CustomImageView.swift */ = {isa = PBXFileReference; lastKnownFileType = sourcecode.swift; path = CustomImageView.swift; sourceTree = "<group>"; };
		1973971B2013A3A300EB9811 /* User.swift */ = {isa = PBXFileReference; lastKnownFileType = sourcecode.swift; path = User.swift; sourceTree = "<group>"; };
		1973971E201473A300EB9811 /* HomeController.swift */ = {isa = PBXFileReference; lastKnownFileType = sourcecode.swift; path = HomeController.swift; sourceTree = "<group>"; };
		197397202014756400EB9811 /* HomePostCell.swift */ = {isa = PBXFileReference; lastKnownFileType = sourcecode.swift; path = HomePostCell.swift; sourceTree = "<group>"; };
		1973972220149D5000EB9811 /* FirebaseUtils.swift */ = {isa = PBXFileReference; lastKnownFileType = sourcecode.swift; path = FirebaseUtils.swift; sourceTree = "<group>"; };
		197397262014EB3A00EB9811 /* UserSearchController.swift */ = {isa = PBXFileReference; lastKnownFileType = sourcecode.swift; path = UserSearchController.swift; sourceTree = "<group>"; };
		197397282014EF0900EB9811 /* UserSearchCell.swift */ = {isa = PBXFileReference; lastKnownFileType = sourcecode.swift; path = UserSearchCell.swift; sourceTree = "<group>"; };
		197C26CD2012519C00AA0409 /* PhotoSelectorController.swift */ = {isa = PBXFileReference; lastKnownFileType = sourcecode.swift; path = PhotoSelectorController.swift; sourceTree = "<group>"; };
		197C26CF20131F5900AA0409 /* PhotoSelectorCell.swift */ = {isa = PBXFileReference; lastKnownFileType = sourcecode.swift; path = PhotoSelectorCell.swift; sourceTree = "<group>"; };
		197C26D120132E4E00AA0409 /* PhotoSelectorHeader.swift */ = {isa = PBXFileReference; lastKnownFileType = sourcecode.swift; path = PhotoSelectorHeader.swift; sourceTree = "<group>"; };
		19C5379B2010FF9F006B74C2 /* MainTabBarController.swift */ = {isa = PBXFileReference; lastKnownFileType = sourcecode.swift; path = MainTabBarController.swift; sourceTree = "<group>"; };
		19C5379D20110074006B74C2 /* UserProfileController.swift */ = {isa = PBXFileReference; lastKnownFileType = sourcecode.swift; path = UserProfileController.swift; sourceTree = "<group>"; };
		19C537A02011B908006B74C2 /* UserProfileHeader.swift */ = {isa = PBXFileReference; lastKnownFileType = sourcecode.swift; path = UserProfileHeader.swift; sourceTree = "<group>"; };
		19E200322011F7EE00FCF392 /* LoginController.swift */ = {isa = PBXFileReference; lastKnownFileType = sourcecode.swift; path = LoginController.swift; sourceTree = "<group>"; };
		19EC592520107AD20002E4F2 /* Instagram Firebase.app */ = {isa = PBXFileReference; explicitFileType = wrapper.application; includeInIndex = 0; path = "Instagram Firebase.app"; sourceTree = BUILT_PRODUCTS_DIR; };
		19EC592820107AD30002E4F2 /* AppDelegate.swift */ = {isa = PBXFileReference; lastKnownFileType = sourcecode.swift; path = AppDelegate.swift; sourceTree = "<group>"; };
		19EC592A20107AD30002E4F2 /* SignUpController.swift */ = {isa = PBXFileReference; lastKnownFileType = sourcecode.swift; path = SignUpController.swift; sourceTree = "<group>"; };
		19EC592D20107AD30002E4F2 /* Base */ = {isa = PBXFileReference; lastKnownFileType = file.storyboard; name = Base; path = Base.lproj/Main.storyboard; sourceTree = "<group>"; };
		19EC592F20107AD30002E4F2 /* Assets.xcassets */ = {isa = PBXFileReference; lastKnownFileType = folder.assetcatalog; path = Assets.xcassets; sourceTree = "<group>"; };
		19EC593220107AD30002E4F2 /* Base */ = {isa = PBXFileReference; lastKnownFileType = file.storyboard; name = Base; path = Base.lproj/LaunchScreen.storyboard; sourceTree = "<group>"; };
		19EC593420107AD30002E4F2 /* Info.plist */ = {isa = PBXFileReference; lastKnownFileType = text.plist.xml; path = Info.plist; sourceTree = "<group>"; };
		19EC593B20108F040002E4F2 /* Extensions.swift */ = {isa = PBXFileReference; lastKnownFileType = sourcecode.swift; path = Extensions.swift; sourceTree = "<group>"; };
		19EC593D2010CA420002E4F2 /* GoogleService-Info.plist */ = {isa = PBXFileReference; fileEncoding = 4; lastKnownFileType = text.plist.xml; path = "GoogleService-Info.plist"; sourceTree = "<group>"; };
		994478659A098CFD81895313 /* Pods_Instagram_Firebase.framework */ = {isa = PBXFileReference; explicitFileType = wrapper.framework; includeInIndex = 0; path = Pods_Instagram_Firebase.framework; sourceTree = BUILT_PRODUCTS_DIR; };
		B8DBC22E376EE507B03FED1A /* Pods-Instagram Firebase.debug.xcconfig */ = {isa = PBXFileReference; includeInIndex = 1; lastKnownFileType = text.xcconfig; name = "Pods-Instagram Firebase.debug.xcconfig"; path = "Pods/Target Support Files/Pods-Instagram Firebase/Pods-Instagram Firebase.debug.xcconfig"; sourceTree = "<group>"; };
/* End PBXFileReference section */

/* Begin PBXFrameworksBuildPhase section */
		19EC592220107AD20002E4F2 /* Frameworks */ = {
			isa = PBXFrameworksBuildPhase;
			buildActionMask = 2147483647;
			files = (
				935A0B2F3F8CAC8223F4CE8D /* Pods_Instagram_Firebase.framework in Frameworks */,
			);
			runOnlyForDeploymentPostprocessing = 0;
		};
/* End PBXFrameworksBuildPhase section */

/* Begin PBXGroup section */
		195885CF2018B3C600867D74 /* Camera */ = {
			isa = PBXGroup;
			children = (
				195885D02018B3D800867D74 /* CameraController.swift */,
				195885D22018D1FF00867D74 /* PreviewPhotoContainerView.swift */,
			);
			path = Camera;
			sourceTree = "<group>";
		};
		19739714201388AB00EB9811 /* Models */ = {
			isa = PBXGroup;
			children = (
				19739715201388F800EB9811 /* Post.swift */,
				1973971B2013A3A300EB9811 /* User.swift */,
			);
			path = Models;
			sourceTree = "<group>";
		};
		1973971D2014739400EB9811 /* Home */ = {
			isa = PBXGroup;
			children = (
				1973971E201473A300EB9811 /* HomeController.swift */,
				197397202014756400EB9811 /* HomePostCell.swift */,
			);
			path = Home;
			sourceTree = "<group>";
		};
		197397252014EB1B00EB9811 /* Search */ = {
			isa = PBXGroup;
			children = (
				197397262014EB3A00EB9811 /* UserSearchController.swift */,
				197397282014EF0900EB9811 /* UserSearchCell.swift */,
			);
			path = Search;
			sourceTree = "<group>";
		};
		197C26CC2012518700AA0409 /* AddPhoto */ = {
			isa = PBXGroup;
			children = (
				197C26CD2012519C00AA0409 /* PhotoSelectorController.swift */,
				197C26D120132E4E00AA0409 /* PhotoSelectorHeader.swift */,
				197C26CF20131F5900AA0409 /* PhotoSelectorCell.swift */,
				197397122013515B00EB9811 /* SharePhotoController.swift */,
			);
			path = AddPhoto;
			sourceTree = "<group>";
		};
		19C5379F2011B8EF006B74C2 /* UserProfile */ = {
			isa = PBXGroup;
			children = (
				19C5379D20110074006B74C2 /* UserProfileController.swift */,
				19C537A02011B908006B74C2 /* UserProfileHeader.swift */,
				1973971720138A7B00EB9811 /* UserProfilePhotoCell.swift */,
			);
			path = UserProfile;
			sourceTree = "<group>";
		};
		19E200312011F7D600FCF392 /* Login */ = {
			isa = PBXGroup;
			children = (
				19E200322011F7EE00FCF392 /* LoginController.swift */,
				19EC592A20107AD30002E4F2 /* SignUpController.swift */,
			);
			path = Login;
			sourceTree = "<group>";
		};
		19EC591C20107AD20002E4F2 = {
			isa = PBXGroup;
			children = (
				19EC592720107AD20002E4F2 /* Instagram Firebase */,
				19EC592620107AD20002E4F2 /* Products */,
				E08D32EC6052DB8FAEE9152C /* Pods */,
				AD71DE87BC87CDC32794B765 /* Frameworks */,
			);
			sourceTree = "<group>";
		};
		19EC592620107AD20002E4F2 /* Products */ = {
			isa = PBXGroup;
			children = (
				19EC592520107AD20002E4F2 /* Instagram Firebase.app */,
			);
			name = Products;
			sourceTree = "<group>";
		};
		19EC592720107AD20002E4F2 /* Instagram Firebase */ = {
			isa = PBXGroup;
			children = (
				195885CF2018B3C600867D74 /* Camera */,
				197397252014EB1B00EB9811 /* Search */,
				1973971D2014739400EB9811 /* Home */,
				19739714201388AB00EB9811 /* Models */,
				197C26CC2012518700AA0409 /* AddPhoto */,
				19E200312011F7D600FCF392 /* Login */,
				19C5379F2011B8EF006B74C2 /* UserProfile */,
				19EC593A20108EE30002E4F2 /* Utilities */,
				19EC592820107AD30002E4F2 /* AppDelegate.swift */,
				19C5379B2010FF9F006B74C2 /* MainTabBarController.swift */,
				19EC592C20107AD30002E4F2 /* Main.storyboard */,
				19EC592F20107AD30002E4F2 /* Assets.xcassets */,
				19EC593120107AD30002E4F2 /* LaunchScreen.storyboard */,
				19EC593420107AD30002E4F2 /* Info.plist */,
				19EC593D2010CA420002E4F2 /* GoogleService-Info.plist */,
			);
			path = "Instagram Firebase";
			sourceTree = "<group>";
		};
		19EC593A20108EE30002E4F2 /* Utilities */ = {
			isa = PBXGroup;
			children = (
				19EC593B20108F040002E4F2 /* Extensions.swift */,
				1973971920139D1D00EB9811 /* CustomImageView.swift */,
				1973972220149D5000EB9811 /* FirebaseUtils.swift */,
			);
			path = Utilities;
			sourceTree = "<group>";
		};
		AD71DE87BC87CDC32794B765 /* Frameworks */ = {
			isa = PBXGroup;
			children = (
				994478659A098CFD81895313 /* Pods_Instagram_Firebase.framework */,
			);
			name = Frameworks;
			sourceTree = "<group>";
		};
		E08D32EC6052DB8FAEE9152C /* Pods */ = {
			isa = PBXGroup;
			children = (
				B8DBC22E376EE507B03FED1A /* Pods-Instagram Firebase.debug.xcconfig */,
				12A20E10ABC57AA60D058004 /* Pods-Instagram Firebase.release.xcconfig */,
			);
			name = Pods;
			sourceTree = "<group>";
		};
/* End PBXGroup section */

/* Begin PBXNativeTarget section */
		19EC592420107AD20002E4F2 /* Instagram Firebase */ = {
			isa = PBXNativeTarget;
			buildConfigurationList = 19EC593720107AD30002E4F2 /* Build configuration list for PBXNativeTarget "Instagram Firebase" */;
			buildPhases = (
				C9E422EDF374C958AC530EEA /* [CP] Check Pods Manifest.lock */,
				19EC592120107AD20002E4F2 /* Sources */,
				19EC592220107AD20002E4F2 /* Frameworks */,
				19EC592320107AD20002E4F2 /* Resources */,
				A0A67676EC6A06E50808472A /* [CP] Embed Pods Frameworks */,
				6FBF7F67BB639E05C31DFC2A /* [CP] Copy Pods Resources */,
			);
			buildRules = (
			);
			dependencies = (
			);
			name = "Instagram Firebase";
			productName = "Instagram Firebase";
			productReference = 19EC592520107AD20002E4F2 /* Instagram Firebase.app */;
			productType = "com.apple.product-type.application";
		};
/* End PBXNativeTarget section */

/* Begin PBXProject section */
		19EC591D20107AD20002E4F2 /* Project object */ = {
			isa = PBXProject;
			attributes = {
				LastSwiftUpdateCheck = 0920;
				LastUpgradeCheck = 0920;
				ORGANIZATIONNAME = "Sanket  Ray";
				TargetAttributes = {
					19EC592420107AD20002E4F2 = {
						CreatedOnToolsVersion = 9.2;
						ProvisioningStyle = Automatic;
					};
				};
			};
			buildConfigurationList = 19EC592020107AD20002E4F2 /* Build configuration list for PBXProject "Instagram Firebase" */;
			compatibilityVersion = "Xcode 8.0";
			developmentRegion = en;
			hasScannedForEncodings = 0;
			knownRegions = (
				en,
				Base,
			);
			mainGroup = 19EC591C20107AD20002E4F2;
			productRefGroup = 19EC592620107AD20002E4F2 /* Products */;
			projectDirPath = "";
			projectRoot = "";
			targets = (
				19EC592420107AD20002E4F2 /* Instagram Firebase */,
			);
		};
/* End PBXProject section */

/* Begin PBXResourcesBuildPhase section */
		19EC592320107AD20002E4F2 /* Resources */ = {
			isa = PBXResourcesBuildPhase;
			buildActionMask = 2147483647;
			files = (
				19EC593320107AD30002E4F2 /* LaunchScreen.storyboard in Resources */,
				19EC593E2010CA420002E4F2 /* GoogleService-Info.plist in Resources */,
				19EC593020107AD30002E4F2 /* Assets.xcassets in Resources */,
				19EC592E20107AD30002E4F2 /* Main.storyboard in Resources */,
			);
			runOnlyForDeploymentPostprocessing = 0;
		};
/* End PBXResourcesBuildPhase section */

/* Begin PBXShellScriptBuildPhase section */
		6FBF7F67BB639E05C31DFC2A /* [CP] Copy Pods Resources */ = {
			isa = PBXShellScriptBuildPhase;
			buildActionMask = 2147483647;
			files = (
			);
			inputPaths = (
			);
			name = "[CP] Copy Pods Resources";
			outputPaths = (
			);
			runOnlyForDeploymentPostprocessing = 0;
			shellPath = /bin/sh;
			shellScript = "\"${SRCROOT}/Pods/Target Support Files/Pods-Instagram Firebase/Pods-Instagram Firebase-resources.sh\"\n";
			showEnvVarsInLog = 0;
		};
		A0A67676EC6A06E50808472A /* [CP] Embed Pods Frameworks */ = {
			isa = PBXShellScriptBuildPhase;
			buildActionMask = 2147483647;
			files = (
			);
			inputPaths = (
				"${SRCROOT}/Pods/Target Support Files/Pods-Instagram Firebase/Pods-Instagram Firebase-frameworks.sh",
				"${BUILT_PRODUCTS_DIR}/GTMSessionFetcher/GTMSessionFetcher.framework",
				"${BUILT_PRODUCTS_DIR}/GoogleToolboxForMac/GoogleToolboxForMac.framework",
				"${BUILT_PRODUCTS_DIR}/leveldb-library/leveldb.framework",
				"${BUILT_PRODUCTS_DIR}/nanopb/nanopb.framework",
			);
			name = "[CP] Embed Pods Frameworks";
			outputPaths = (
				"${TARGET_BUILD_DIR}/${FRAMEWORKS_FOLDER_PATH}/GTMSessionFetcher.framework",
				"${TARGET_BUILD_DIR}/${FRAMEWORKS_FOLDER_PATH}/GoogleToolboxForMac.framework",
				"${TARGET_BUILD_DIR}/${FRAMEWORKS_FOLDER_PATH}/leveldb.framework",
				"${TARGET_BUILD_DIR}/${FRAMEWORKS_FOLDER_PATH}/nanopb.framework",
			);
			runOnlyForDeploymentPostprocessing = 0;
			shellPath = /bin/sh;
			shellScript = "\"${SRCROOT}/Pods/Target Support Files/Pods-Instagram Firebase/Pods-Instagram Firebase-frameworks.sh\"\n";
			showEnvVarsInLog = 0;
		};
		C9E422EDF374C958AC530EEA /* [CP] Check Pods Manifest.lock */ = {
			isa = PBXShellScriptBuildPhase;
			buildActionMask = 2147483647;
			files = (
			);
			inputPaths = (
				"${PODS_PODFILE_DIR_PATH}/Podfile.lock",
				"${PODS_ROOT}/Manifest.lock",
			);
			name = "[CP] Check Pods Manifest.lock";
			outputPaths = (
				"$(DERIVED_FILE_DIR)/Pods-Instagram Firebase-checkManifestLockResult.txt",
			);
			runOnlyForDeploymentPostprocessing = 0;
			shellPath = /bin/sh;
			shellScript = "diff \"${PODS_PODFILE_DIR_PATH}/Podfile.lock\" \"${PODS_ROOT}/Manifest.lock\" > /dev/null\nif [ $? != 0 ] ; then\n    # print error to STDERR\n    echo \"error: The sandbox is not in sync with the Podfile.lock. Run 'pod install' or update your CocoaPods installation.\" >&2\n    exit 1\nfi\n# This output is used by Xcode 'outputs' to avoid re-running this script phase.\necho \"SUCCESS\" > \"${SCRIPT_OUTPUT_FILE_0}\"\n";
			showEnvVarsInLog = 0;
		};
/* End PBXShellScriptBuildPhase section */

/* Begin PBXSourcesBuildPhase section */
		19EC592120107AD20002E4F2 /* Sources */ = {
			isa = PBXSourcesBuildPhase;
			buildActionMask = 2147483647;
			files = (
				197397292014EF0900EB9811 /* UserSearchCell.swift in Sources */,
				1973972320149D5000EB9811 /* FirebaseUtils.swift in Sources */,
				197397132013515B00EB9811 /* SharePhotoController.swift in Sources */,
				197397212014756400EB9811 /* HomePostCell.swift in Sources */,
				19EC592B20107AD30002E4F2 /* SignUpController.swift in Sources */,
				197C26D020131F5900AA0409 /* PhotoSelectorCell.swift in Sources */,
				1973971A20139D1D00EB9811 /* CustomImageView.swift in Sources */,
				197397272014EB3A00EB9811 /* UserSearchController.swift in Sources */,
				19739716201388F800EB9811 /* Post.swift in Sources */,
				195885D12018B3D800867D74 /* CameraController.swift in Sources */,
				19EC593C20108F040002E4F2 /* Extensions.swift in Sources */,
				1973971820138A7B00EB9811 /* UserProfilePhotoCell.swift in Sources */,
				19C5379C2010FF9F006B74C2 /* MainTabBarController.swift in Sources */,
				1973971C2013A3A300EB9811 /* User.swift in Sources */,
				19C537A12011B908006B74C2 /* UserProfileHeader.swift in Sources */,
				19C5379E20110074006B74C2 /* UserProfileController.swift in Sources */,
				195885D32018D1FF00867D74 /* PreviewPhotoContainerView.swift in Sources */,
				19EC592920107AD30002E4F2 /* AppDelegate.swift in Sources */,
				1973971F201473A300EB9811 /* HomeController.swift in Sources */,
				19E200332011F7EE00FCF392 /* LoginController.swift in Sources */,
				197C26D220132E4E00AA0409 /* PhotoSelectorHeader.swift in Sources */,
				197C26CE2012519C00AA0409 /* PhotoSelectorController.swift in Sources */,
			);
			runOnlyForDeploymentPostprocessing = 0;
		};
/* End PBXSourcesBuildPhase section */

/* Begin PBXVariantGroup section */
		19EC592C20107AD30002E4F2 /* Main.storyboard */ = {
			isa = PBXVariantGroup;
			children = (
				19EC592D20107AD30002E4F2 /* Base */,
			);
			name = Main.storyboard;
			sourceTree = "<group>";
		};
		19EC593120107AD30002E4F2 /* LaunchScreen.storyboard */ = {
			isa = PBXVariantGroup;
			children = (
				19EC593220107AD30002E4F2 /* Base */,
			);
			name = LaunchScreen.storyboard;
			sourceTree = "<group>";
		};
/* End PBXVariantGroup section */

/* Begin XCBuildConfiguration section */
		19EC593520107AD30002E4F2 /* Debug */ = {
			isa = XCBuildConfiguration;
			buildSettings = {
				ALWAYS_SEARCH_USER_PATHS = NO;
				CLANG_ANALYZER_NONNULL = YES;
				CLANG_ANALYZER_NUMBER_OBJECT_CONVERSION = YES_AGGRESSIVE;
				CLANG_CXX_LANGUAGE_STANDARD = "gnu++14";
				CLANG_CXX_LIBRARY = "libc++";
				CLANG_ENABLE_MODULES = YES;
				CLANG_ENABLE_OBJC_ARC = YES;
				CLANG_WARN_BLOCK_CAPTURE_AUTORELEASING = YES;
				CLANG_WARN_BOOL_CONVERSION = YES;
				CLANG_WARN_COMMA = YES;
				CLANG_WARN_CONSTANT_CONVERSION = YES;
				CLANG_WARN_DIRECT_OBJC_ISA_USAGE = YES_ERROR;
				CLANG_WARN_DOCUMENTATION_COMMENTS = YES;
				CLANG_WARN_EMPTY_BODY = YES;
				CLANG_WARN_ENUM_CONVERSION = YES;
				CLANG_WARN_INFINITE_RECURSION = YES;
				CLANG_WARN_INT_CONVERSION = YES;
				CLANG_WARN_NON_LITERAL_NULL_CONVERSION = YES;
				CLANG_WARN_OBJC_LITERAL_CONVERSION = YES;
				CLANG_WARN_OBJC_ROOT_CLASS = YES_ERROR;
				CLANG_WARN_RANGE_LOOP_ANALYSIS = YES;
				CLANG_WARN_STRICT_PROTOTYPES = YES;
				CLANG_WARN_SUSPICIOUS_MOVE = YES;
				CLANG_WARN_UNGUARDED_AVAILABILITY = YES_AGGRESSIVE;
				CLANG_WARN_UNREACHABLE_CODE = YES;
				CLANG_WARN__DUPLICATE_METHOD_MATCH = YES;
				CODE_SIGN_IDENTITY = "iPhone Developer";
				COPY_PHASE_STRIP = NO;
				DEBUG_INFORMATION_FORMAT = dwarf;
				ENABLE_STRICT_OBJC_MSGSEND = YES;
				ENABLE_TESTABILITY = YES;
				GCC_C_LANGUAGE_STANDARD = gnu11;
				GCC_DYNAMIC_NO_PIC = NO;
				GCC_NO_COMMON_BLOCKS = YES;
				GCC_OPTIMIZATION_LEVEL = 0;
				GCC_PREPROCESSOR_DEFINITIONS = (
					"DEBUG=1",
					"$(inherited)",
				);
				GCC_WARN_64_TO_32_BIT_CONVERSION = YES;
				GCC_WARN_ABOUT_RETURN_TYPE = YES_ERROR;
				GCC_WARN_UNDECLARED_SELECTOR = YES;
				GCC_WARN_UNINITIALIZED_AUTOS = YES_AGGRESSIVE;
				GCC_WARN_UNUSED_FUNCTION = YES;
				GCC_WARN_UNUSED_VARIABLE = YES;
				IPHONEOS_DEPLOYMENT_TARGET = 11.2;
				MTL_ENABLE_DEBUG_INFO = YES;
				ONLY_ACTIVE_ARCH = YES;
				SDKROOT = iphoneos;
				SWIFT_ACTIVE_COMPILATION_CONDITIONS = DEBUG;
				SWIFT_OPTIMIZATION_LEVEL = "-Onone";
			};
			name = Debug;
		};
		19EC593620107AD30002E4F2 /* Release */ = {
			isa = XCBuildConfiguration;
			buildSettings = {
				ALWAYS_SEARCH_USER_PATHS = NO;
				CLANG_ANALYZER_NONNULL = YES;
				CLANG_ANALYZER_NUMBER_OBJECT_CONVERSION = YES_AGGRESSIVE;
				CLANG_CXX_LANGUAGE_STANDARD = "gnu++14";
				CLANG_CXX_LIBRARY = "libc++";
				CLANG_ENABLE_MODULES = YES;
				CLANG_ENABLE_OBJC_ARC = YES;
				CLANG_WARN_BLOCK_CAPTURE_AUTORELEASING = YES;
				CLANG_WARN_BOOL_CONVERSION = YES;
				CLANG_WARN_COMMA = YES;
				CLANG_WARN_CONSTANT_CONVERSION = YES;
				CLANG_WARN_DIRECT_OBJC_ISA_USAGE = YES_ERROR;
				CLANG_WARN_DOCUMENTATION_COMMENTS = YES;
				CLANG_WARN_EMPTY_BODY = YES;
				CLANG_WARN_ENUM_CONVERSION = YES;
				CLANG_WARN_INFINITE_RECURSION = YES;
				CLANG_WARN_INT_CONVERSION = YES;
				CLANG_WARN_NON_LITERAL_NULL_CONVERSION = YES;
				CLANG_WARN_OBJC_LITERAL_CONVERSION = YES;
				CLANG_WARN_OBJC_ROOT_CLASS = YES_ERROR;
				CLANG_WARN_RANGE_LOOP_ANALYSIS = YES;
				CLANG_WARN_STRICT_PROTOTYPES = YES;
				CLANG_WARN_SUSPICIOUS_MOVE = YES;
				CLANG_WARN_UNGUARDED_AVAILABILITY = YES_AGGRESSIVE;
				CLANG_WARN_UNREACHABLE_CODE = YES;
				CLANG_WARN__DUPLICATE_METHOD_MATCH = YES;
				CODE_SIGN_IDENTITY = "iPhone Developer";
				COPY_PHASE_STRIP = NO;
				DEBUG_INFORMATION_FORMAT = "dwarf-with-dsym";
				ENABLE_NS_ASSERTIONS = NO;
				ENABLE_STRICT_OBJC_MSGSEND = YES;
				GCC_C_LANGUAGE_STANDARD = gnu11;
				GCC_NO_COMMON_BLOCKS = YES;
				GCC_WARN_64_TO_32_BIT_CONVERSION = YES;
				GCC_WARN_ABOUT_RETURN_TYPE = YES_ERROR;
				GCC_WARN_UNDECLARED_SELECTOR = YES;
				GCC_WARN_UNINITIALIZED_AUTOS = YES_AGGRESSIVE;
				GCC_WARN_UNUSED_FUNCTION = YES;
				GCC_WARN_UNUSED_VARIABLE = YES;
				IPHONEOS_DEPLOYMENT_TARGET = 11.2;
				MTL_ENABLE_DEBUG_INFO = NO;
				SDKROOT = iphoneos;
				SWIFT_OPTIMIZATION_LEVEL = "-Owholemodule";
				VALIDATE_PRODUCT = YES;
			};
			name = Release;
		};
		19EC593820107AD30002E4F2 /* Debug */ = {
			isa = XCBuildConfiguration;
			baseConfigurationReference = B8DBC22E376EE507B03FED1A /* Pods-Instagram Firebase.debug.xcconfig */;
			buildSettings = {
				ASSETCATALOG_COMPILER_APPICON_NAME = AppIcon;
				CODE_SIGN_STYLE = Automatic;
				DEVELOPMENT_TEAM = J4H33JVA49;
				INFOPLIST_FILE = "Instagram Firebase/Info.plist";
				LD_RUNPATH_SEARCH_PATHS = "$(inherited) @executable_path/Frameworks";
				PRODUCT_BUNDLE_IDENTIFIER = "Chingel.Instagram-Firebase";
				PRODUCT_NAME = "$(TARGET_NAME)";
				SWIFT_VERSION = 4.0;
				TARGETED_DEVICE_FAMILY = "1,2";
			};
			name = Debug;
		};
		19EC593920107AD30002E4F2 /* Release */ = {
			isa = XCBuildConfiguration;
			baseConfigurationReference = 12A20E10ABC57AA60D058004 /* Pods-Instagram Firebase.release.xcconfig */;
			buildSettings = {
				ASSETCATALOG_COMPILER_APPICON_NAME = AppIcon;
				CODE_SIGN_STYLE = Automatic;
				DEVELOPMENT_TEAM = J4H33JVA49;
				INFOPLIST_FILE = "Instagram Firebase/Info.plist";
				LD_RUNPATH_SEARCH_PATHS = "$(inherited) @executable_path/Frameworks";
				PRODUCT_BUNDLE_IDENTIFIER = "Chingel.Instagram-Firebase";
				PRODUCT_NAME = "$(TARGET_NAME)";
				SWIFT_VERSION = 4.0;
				TARGETED_DEVICE_FAMILY = "1,2";
			};
			name = Release;
		};
/* End XCBuildConfiguration section */

/* Begin XCConfigurationList section */
		19EC592020107AD20002E4F2 /* Build configuration list for PBXProject "Instagram Firebase" */ = {
			isa = XCConfigurationList;
			buildConfigurations = (
				19EC593520107AD30002E4F2 /* Debug */,
				19EC593620107AD30002E4F2 /* Release */,
			);
			defaultConfigurationIsVisible = 0;
			defaultConfigurationName = Release;
		};
		19EC593720107AD30002E4F2 /* Build configuration list for PBXNativeTarget "Instagram Firebase" */ = {
			isa = XCConfigurationList;
			buildConfigurations = (
				19EC593820107AD30002E4F2 /* Debug */,
				19EC593920107AD30002E4F2 /* Release */,
			);
			defaultConfigurationIsVisible = 0;
			defaultConfigurationName = Release;
		};
/* End XCConfigurationList section */
	};
	rootObject = 19EC591D20107AD20002E4F2 /* Project object */;
}
